
Microsoft Visual Studio Solution File, Format Version 12.00
# Visual Studio Version 17
VisualStudioVersion = 17.13.35919.96
MinimumVisualStudioVersion = 10.0.40219.1
Project("{FAE04EC0-301F-11D3-BF4B-00C04F79EFBC}") = "LMS", "LMS.csproj", "{CC78FC11-772C-44EC-9B01-081339BDF2D8}"
EndProject
Project("{FAE04EC0-301F-11D3-BF4B-00C04F79EFBC}") = "UnitTest", "..\UnitTest\UnitTest.csproj", "{605CBA56-337A-407F-BBD0-1F3D73F8C7B1}"
EndProject
Global
	GlobalSection(SolutionConfigurationPlatforms) = preSolution
		Debug|Any CPU = Debug|Any CPU
		Release|Any CPU = Release|Any CPU
	EndGlobalSection
	GlobalSection(ProjectConfigurationPlatforms) = postSolution
		{CC78FC11-772C-44EC-9B01-081339BDF2D8}.Debug|Any CPU.ActiveCfg = Debug|Any CPU
		{CC78FC11-772C-44EC-9B01-081339BDF2D8}.Debug|Any CPU.Build.0 = Debug|Any CPU
		{CC78FC11-772C-44EC-9B01-081339BDF2D8}.Release|Any CPU.ActiveCfg = Release|Any CPU
		{CC78FC11-772C-44EC-9B01-081339BDF2D8}.Release|Any CPU.Build.0 = Release|Any CPU
		{605CBA56-337A-407F-BBD0-1F3D73F8C7B1}.Debug|Any CPU.ActiveCfg = Debug|Any CPU
		{605CBA56-337A-407F-BBD0-1F3D73F8C7B1}.Debug|Any CPU.Build.0 = Debug|Any CPU
		{605CBA56-337A-407F-BBD0-1F3D73F8C7B1}.Release|Any CPU.ActiveCfg = Release|Any CPU
		{605CBA56-337A-407F-BBD0-1F3D73F8C7B1}.Release|Any CPU.Build.0 = Release|Any CPU
	EndGlobalSection
	GlobalSection(SolutionProperties) = preSolution
		HideSolutionNode = FALSE
	EndGlobalSection
	GlobalSection(ExtensibilityGlobals) = postSolution
		SolutionGuid = {38F356CB-5AAF-484B-84D9-ABC535D24568}
	EndGlobalSection
EndGlobal
